PODS:
  - Expecta (1.0.5)
  - Expecta+Snapshots (3.1.1):
    - Expecta (~> 1.0)
    - FBSnapshotTestCase/Core (~> 2.0)
    - Specta (~> 1.0)
  - FBSnapshotTestCase/Core (2.1.4)
  - OCMock (3.4)
  - Specta (1.0.6)
  - TTZoomTransition (1.0.2)

DEPENDENCIES:
  - Expecta
  - Expecta+Snapshots
  - OCMock
  - Specta
  - TTZoomTransition (from `../`)

EXTERNAL SOURCES:
  TTZoomTransition:
    :path: ../

SPEC CHECKSUMS:
  Expecta: e1c022fcd33910b6be89c291d2775b3fe27a89fe
  Expecta+Snapshots: dcff217eef506dabd6dfdc7864ea2da321fafbb8
  FBSnapshotTestCase: 094f9f314decbabe373b87cc339bea235a63e07a
  OCMock: 35ae71d6a8fcc1b59434d561d1520b9dd4f15765
  Specta: f506f3a8361de16bc0dcf3b17b75e269072ba465
  TTZoomTransition: d591a48bea2edaa692540f50b20e04a81a86b0a4

PODFILE CHECKSUM: a511b209d85ae52b5f696c81f251f98eaadfe94c

COCOAPODS: 1.2.1
